
Microsoft Visual Studio Solution File, Format Version 12.00
# Visual Studio Version 17
VisualStudioVersion = 17.11.35219.272
MinimumVisualStudioVersion = 10.0.40219.1
Project("{FAE04EC0-301F-11D3-BF4B-00C04F79EFBC}") = "Facade_lab3", "Facade_lab3.csproj", "{7B39BFF3-C23F-4D90-A29D-F76A69FB3297}"
EndProject
Global
	GlobalSection(SolutionConfigurationPlatforms) = preSolution
		Debug|Any CPU = Debug|Any CPU
		Release|Any CPU = Release|Any CPU
	EndGlobalSection
	GlobalSection(ProjectConfigurationPlatforms) = postSolution
		{7B39BFF3-C23F-4D90-A29D-F76A69FB3297}.Debug|Any CPU.ActiveCfg = Debug|Any CPU
		{7B39BFF3-C23F-4D90-A29D-F76A69FB3297}.Debug|Any CPU.Build.0 = Debug|Any CPU
		{7B39BFF3-C23F-4D90-A29D-F76A69FB3297}.Release|Any CPU.ActiveCfg = Release|Any CPU
		{7B39BFF3-C23F-4D90-A29D-F76A69FB3297}.Release|Any CPU.Build.0 = Release|Any CPU
	EndGlobalSection
	GlobalSection(SolutionProperties) = preSolution
		HideSolutionNode = FALSE
	EndGlobalSection
	GlobalSection(ExtensibilityGlobals) = postSolution
		SolutionGuid = {6F4B7298-FFC4-4426-9C72-2AAA15A1D919}
	EndGlobalSection
EndGlobal
